PODS:
  - ObjectiveDropboxOfficial (3.11.0)

DEPENDENCIES:
  - ObjectiveDropboxOfficial (from `../`)

EXTERNAL SOURCES:
  ObjectiveDropboxOfficial:
    :path: "../"

SPEC CHECKSUMS:
  ObjectiveDropboxOfficial: 5f4f97f5a90668f5c82b4586d9fddef73436cb78

PODFILE CHECKSUM: ab0212b4bace4758ed2e1292c4087eec901dc0dc

COCOAPODS: 1.9.1
